
Microsoft Visual Studio Solution File, Format Version 12.00
# Visual Studio Version 16
VisualStudioVersion = 25.0.1705.0
MinimumVisualStudioVersion = 10.0.40219.1
Project("{FAE04EC0-301F-11D3-BF4B-00C04F79EFBC}") = "homeStock", "homeStock\homeStock.csproj", "{7F31C59A-E984-46C7-AB70-BE20E5BA6903}"
EndProject
Global
	GlobalSection(SolutionConfigurationPlatforms) = preSolution
		Debug|Any CPU = Debug|Any CPU
		Release|Any CPU = Release|Any CPU
	EndGlobalSection
	GlobalSection(ProjectConfigurationPlatforms) = postSolution
		{7F31C59A-E984-46C7-AB70-BE20E5BA6903}.Debug|Any CPU.ActiveCfg = Debug|Any CPU
		{7F31C59A-E984-46C7-AB70-BE20E5BA6903}.Debug|Any CPU.Build.0 = Debug|Any CPU
		{7F31C59A-E984-46C7-AB70-BE20E5BA6903}.Release|Any CPU.ActiveCfg = Release|Any CPU
		{7F31C59A-E984-46C7-AB70-BE20E5BA6903}.Release|Any CPU.Build.0 = Release|Any CPU
	EndGlobalSection
	GlobalSection(SolutionProperties) = preSolution
		HideSolutionNode = FALSE
	EndGlobalSection
	GlobalSection(ExtensibilityGlobals) = postSolution
		SolutionGuid = {E048FD7D-6053-4181-9A41-90466656B665}
	EndGlobalSection
EndGlobal
